
Microsoft Visual Studio Solution File, Format Version 12.00
# Visual Studio Version 16
VisualStudioVersion = 16.0.29613.14
MinimumVisualStudioVersion = 10.0.40219.1
Project("{FAE04EC0-301F-11D3-BF4B-00C04F79EFBC}") = "TaskSchedulerService", "TaskSchedulerService\TaskSchedulerService.csproj", "{BC1124FB-D6AC-40A8-92CA-1DD280C10905}"
EndProject
Project("{FAE04EC0-301F-11D3-BF4B-00C04F79EFBC}") = "TaskSchedulerClient", "TaskSchedulerClient\TaskSchedulerClient.csproj", "{1E25F20B-0549-43B6-8889-E4C0D6D357AE}"
EndProject
Global
	GlobalSection(SolutionConfigurationPlatforms) = preSolution
		Debug|Any CPU = Debug|Any CPU
		General debug|Any CPU = General debug|Any CPU
		Release|Any CPU = Release|Any CPU
	EndGlobalSection
	GlobalSection(ProjectConfigurationPlatforms) = postSolution
		{BC1124FB-D6AC-40A8-92CA-1DD280C10905}.Debug|Any CPU.ActiveCfg = Debug|Any CPU
		{BC1124FB-D6AC-40A8-92CA-1DD280C10905}.Debug|Any CPU.Build.0 = Debug|Any CPU
		{BC1124FB-D6AC-40A8-92CA-1DD280C10905}.General debug|Any CPU.ActiveCfg = General debug|Any CPU
		{BC1124FB-D6AC-40A8-92CA-1DD280C10905}.General debug|Any CPU.Build.0 = General debug|Any CPU
		{BC1124FB-D6AC-40A8-92CA-1DD280C10905}.Release|Any CPU.ActiveCfg = Release|Any CPU
		{BC1124FB-D6AC-40A8-92CA-1DD280C10905}.Release|Any CPU.Build.0 = Release|Any CPU
		{1E25F20B-0549-43B6-8889-E4C0D6D357AE}.Debug|Any CPU.ActiveCfg = Debug|Any CPU
		{1E25F20B-0549-43B6-8889-E4C0D6D357AE}.Debug|Any CPU.Build.0 = Debug|Any CPU
		{1E25F20B-0549-43B6-8889-E4C0D6D357AE}.General debug|Any CPU.ActiveCfg = General debug|Any CPU
		{1E25F20B-0549-43B6-8889-E4C0D6D357AE}.General debug|Any CPU.Build.0 = General debug|Any CPU
		{1E25F20B-0549-43B6-8889-E4C0D6D357AE}.Release|Any CPU.ActiveCfg = Release|Any CPU
		{1E25F20B-0549-43B6-8889-E4C0D6D357AE}.Release|Any CPU.Build.0 = Release|Any CPU
	EndGlobalSection
	GlobalSection(SolutionProperties) = preSolution
		HideSolutionNode = FALSE
	EndGlobalSection
	GlobalSection(ExtensibilityGlobals) = postSolution
		SolutionGuid = {9E306B13-A6DF-435C-914C-EE6D2449BE49}
	EndGlobalSection
EndGlobal
